PODS:
  - Alamofire (4.9.1)
  - APIManager (0.1.4):
    - Alamofire (~> 4.0)
  - DeviceKit (4.9.0)
  - Gedatsu (1.2.0)
  - Hue (5.0.0)
  - OnePlayer (0.1.8)
  - OneVideoPlayer (0.2.5):
    - OnePlayer
    - SnapKit
  - SnapKit (5.6.0)
  - SwiftCoreKit (0.1.6):
    - DeviceKit (~> 4.0)
    - Hue (~> 5.0)
    - SwiftCoreKit/Foundation (= 0.1.6)
    - SwiftCoreKit/Manager (= 0.1.6)
    - SwiftCoreKit/Tool (= 0.1.6)
    - SwiftCoreKit/UIKit (= 0.1.6)
    - SwifterSwift/CoreGraphics
    - SwifterSwift/Foundation
    - SwifterSwift/UIKit
  - SwiftCoreKit/Foundation (0.1.6):
    - DeviceKit (~> 4.0)
    - Hue (~> 5.0)
    - SwifterSwift/CoreGraphics
    - SwifterSwift/Foundation
    - SwifterSwift/UIKit
  - SwiftCoreKit/Manager (0.1.6):
    - DeviceKit (~> 4.0)
    - Hue (~> 5.0)
    - SwifterSwift/CoreGraphics
    - SwifterSwift/Foundation
    - SwifterSwift/UIKit
  - SwiftCoreKit/Tool (0.1.6):
    - DeviceKit (~> 4.0)
    - Hue (~> 5.0)
    - SwifterSwift/CoreGraphics
    - SwifterSwift/Foundation
    - SwifterSwift/UIKit
  - SwiftCoreKit/UIKit (0.1.6):
    - DeviceKit (~> 4.0)
    - Hue (~> 5.0)
    - SwifterSwift/CoreGraphics
    - SwifterSwift/Foundation
    - SwifterSwift/UIKit
  - SwifterSwift/CoreGraphics (5.2.0)
  - SwifterSwift/Foundation (5.2.0)
  - SwifterSwift/UIKit (5.2.0)

DEPENDENCIES:
  - APIManager (from `https://gitee.com/jz-mobile/swift-apimanager.git`, tag `0.1.4`)
  - Gedatsu
  - OnePlayer (from `https://github.com/zzzzzyijie/OnePlayer.git`, tag `0.1.8`)
  - OneVideoPlayer (from `../`)
  - SwiftCoreKit (from `https://gitee.com/jz-mobile/swift-core-kit.git`, tag `0.1.6`)

SPEC REPOS:
  trunk:
    - Alamofire
    - DeviceKit
    - Gedatsu
    - Hue
    - SnapKit
    - SwifterSwift

EXTERNAL SOURCES:
  APIManager:
    :git: https://gitee.com/jz-mobile/swift-apimanager.git
    :tag: 0.1.4
  OnePlayer:
    :git: https://github.com/zzzzzyijie/OnePlayer.git
    :tag: 0.1.8
  OneVideoPlayer:
    :path: "../"
  SwiftCoreKit:
    :git: https://gitee.com/jz-mobile/swift-core-kit.git
    :tag: 0.1.6

CHECKOUT OPTIONS:
  APIManager:
    :git: https://gitee.com/jz-mobile/swift-apimanager.git
    :tag: 0.1.4
  OnePlayer:
    :git: https://github.com/zzzzzyijie/OnePlayer.git
    :tag: 0.1.8
  SwiftCoreKit:
    :git: https://gitee.com/jz-mobile/swift-core-kit.git
    :tag: 0.1.6

SPEC CHECKSUMS:
  Alamofire: 85e8a02c69d6020a0d734f6054870d7ecb75cf18
  APIManager: 5e6f96e9abeafa8b55eda662d2743bc1e5dea30b
  DeviceKit: 847709bf70b78fd9ab765bd571fb9f5f815c3fc1
  Gedatsu: 13a21a3cbf7978f9ff671eca5715b94a4309d9a8
  Hue: c129cb67be7d093a82bbbc30ce8a96757bf6f37a
  OnePlayer: 8403244db64c605b6e926332a94e7a1779c71c2a
  OneVideoPlayer: 6b6974024dddd61b5197ba30a282f82a984266a2
  SnapKit: e01d52ebb8ddbc333eefe2132acf85c8227d9c25
  SwiftCoreKit: bffec18befd862aa72a4cb1b7e361f004a894749
  SwifterSwift: 334181863c416882d97b7a60c05054d9e4d799e2

PODFILE CHECKSUM: d5b7806212d33dd488e1c67644e7c6066d43f559

COCOAPODS: 1.11.3
